
Microsoft Visual Studio Solution File, Format Version 12.00
# Visual Studio 15
VisualStudioVersion = 15.0.28010.2003
MinimumVisualStudioVersion = 10.0.40219.1
Project("{FAE04EC0-301F-11D3-BF4B-00C04F79EFBC}") = "CrockpotApp.Android", "CrockpotApp\CrockpotApp.Android\CrockpotApp.Android.csproj", "{9324D2C3-A078-444E-A147-D1710811AC02}"
EndProject
Project("{FAE04EC0-301F-11D3-BF4B-00C04F79EFBC}") = "CrockpotApp.iOS", "CrockpotApp\CrockpotApp.iOS\CrockpotApp.iOS.csproj", "{D26E30E0-0782-48D4-A92F-1ADC9F1DED04}"
EndProject
Project("{FAE04EC0-301F-11D3-BF4B-00C04F79EFBC}") = "CrockpotApp", "CrockpotApp\CrockpotApp\CrockpotApp.csproj", "{6460847B-518C-4FD7-BB39-378AE0B14377}"
EndProject
Global
	GlobalSection(SolutionConfigurationPlatforms) = preSolution
		Ad-Hoc|Any CPU = Ad-Hoc|Any CPU
		Ad-Hoc|iPhone = Ad-Hoc|iPhone
		Ad-Hoc|iPhoneSimulator = Ad-Hoc|iPhoneSimulator
		AppStore|Any CPU = AppStore|Any CPU
		AppStore|iPhone = AppStore|iPhone
		AppStore|iPhoneSimulator = AppStore|iPhoneSimulator
		Debug|Any CPU = Debug|Any CPU
		Debug|iPhone = Debug|iPhone
		Debug|iPhoneSimulator = Debug|iPhoneSimulator
		Release|Any CPU = Release|Any CPU
		Release|iPhone = Release|iPhone
		Release|iPhoneSimulator = Release|iPhoneSimulator
	EndGlobalSection
	GlobalSection(ProjectConfigurationPlatforms) = postSolution
		{9324D2C3-A078-444E-A147-D1710811AC02}.Ad-Hoc|Any CPU.ActiveCfg = Release|Any CPU
		{9324D2C3-A078-444E-A147-D1710811AC02}.Ad-Hoc|Any CPU.Build.0 = Release|Any CPU
		{9324D2C3-A078-444E-A147-D1710811AC02}.Ad-Hoc|Any CPU.Deploy.0 = Release|Any CPU
		{9324D2C3-A078-444E-A147-D1710811AC02}.Ad-Hoc|iPhone.ActiveCfg = Release|Any CPU
		{9324D2C3-A078-444E-A147-D1710811AC02}.Ad-Hoc|iPhone.Build.0 = Release|Any CPU
		{9324D2C3-A078-444E-A147-D1710811AC02}.Ad-Hoc|iPhone.Deploy.0 = Release|Any CPU
		{9324D2C3-A078-444E-A147-D1710811AC02}.Ad-Hoc|iPhoneSimulator.ActiveCfg = Release|Any CPU
		{9324D2C3-A078-444E-A147-D1710811AC02}.Ad-Hoc|iPhoneSimulator.Build.0 = Release|Any CPU
		{9324D2C3-A078-444E-A147-D1710811AC02}.Ad-Hoc|iPhoneSimulator.Deploy.0 = Release|Any CPU
		{9324D2C3-A078-444E-A147-D1710811AC02}.AppStore|Any CPU.ActiveCfg = Release|Any CPU
		{9324D2C3-A078-444E-A147-D1710811AC02}.AppStore|Any CPU.Build.0 = Release|Any CPU
		{9324D2C3-A078-444E-A147-D1710811AC02}.AppStore|Any CPU.Deploy.0 = Release|Any CPU
		{9324D2C3-A078-444E-A147-D1710811AC02}.AppStore|iPhone.ActiveCfg = Release|Any CPU
		{9324D2C3-A078-444E-A147-D1710811AC02}.AppStore|iPhone.Build.0 = Release|Any CPU
		{9324D2C3-A078-444E-A147-D1710811AC02}.AppStore|iPhone.Deploy.0 = Release|Any CPU
		{9324D2C3-A078-444E-A147-D1710811AC02}.AppStore|iPhoneSimulator.ActiveCfg = Release|Any CPU
		{9324D2C3-A078-444E-A147-D1710811AC02}.AppStore|iPhoneSimulator.Build.0 = Release|Any CPU
		{9324D2C3-A078-444E-A147-D1710811AC02}.AppStore|iPhoneSimulator.Deploy.0 = Release|Any CPU
		{9324D2C3-A078-444E-A147-D1710811AC02}.Debug|Any CPU.ActiveCfg = Debug|Any CPU
		{9324D2C3-A078-444E-A147-D1710811AC02}.Debug|Any CPU.Build.0 = Debug|Any CPU
		{9324D2C3-A078-444E-A147-D1710811AC02}.Debug|Any CPU.Deploy.0 = Debug|Any CPU
		{9324D2C3-A078-444E-A147-D1710811AC02}.Debug|iPhone.ActiveCfg = Debug|Any CPU
		{9324D2C3-A078-444E-A147-D1710811AC02}.Debug|iPhone.Build.0 = Debug|Any CPU
		{9324D2C3-A078-444E-A147-D1710811AC02}.Debug|iPhone.Deploy.0 = Debug|Any CPU
		{9324D2C3-A078-444E-A147-D1710811AC02}.Debug|iPhoneSimulator.ActiveCfg = Debug|Any CPU
		{9324D2C3-A078-444E-A147-D1710811AC02}.Debug|iPhoneSimulator.Build.0 = Debug|Any CPU
		{9324D2C3-A078-444E-A147-D1710811AC02}.Debug|iPhoneSimulator.Deploy.0 = Debug|Any CPU
		{9324D2C3-A078-444E-A147-D1710811AC02}.Release|Any CPU.ActiveCfg = Release|Any CPU
		{9324D2C3-A078-444E-A147-D1710811AC02}.Release|Any CPU.Build.0 = Release|Any CPU
		{9324D2C3-A078-444E-A147-D1710811AC02}.Release|Any CPU.Deploy.0 = Release|Any CPU
		{9324D2C3-A078-444E-A147-D1710811AC02}.Release|iPhone.ActiveCfg = Release|Any CPU
		{9324D2C3-A078-444E-A147-D1710811AC02}.Release|iPhone.Build.0 = Release|Any CPU
		{9324D2C3-A078-444E-A147-D1710811AC02}.Release|iPhone.Deploy.0 = Release|Any CPU
		{9324D2C3-A078-444E-A147-D1710811AC02}.Release|iPhoneSimulator.ActiveCfg = Release|Any CPU
		{9324D2C3-A078-444E-A147-D1710811AC02}.Release|iPhoneSimulator.Build.0 = Release|Any CPU
		{9324D2C3-A078-444E-A147-D1710811AC02}.Release|iPhoneSimulator.Deploy.0 = Release|Any CPU
		{D26E30E0-0782-48D4-A92F-1ADC9F1DED04}.Ad-Hoc|Any CPU.ActiveCfg = Ad-Hoc|iPhone
		{D26E30E0-0782-48D4-A92F-1ADC9F1DED04}.Ad-Hoc|Any CPU.Build.0 = Ad-Hoc|iPhone
		{D26E30E0-0782-48D4-A92F-1ADC9F1DED04}.Ad-Hoc|Any CPU.Deploy.0 = Ad-Hoc|iPhone
		{D26E30E0-0782-48D4-A92F-1ADC9F1DED04}.Ad-Hoc|iPhone.ActiveCfg = Ad-Hoc|iPhone
		{D26E30E0-0782-48D4-A92F-1ADC9F1DED04}.Ad-Hoc|iPhone.Build.0 = Ad-Hoc|iPhone
		{D26E30E0-0782-48D4-A92F-1ADC9F1DED04}.Ad-Hoc|iPhone.Deploy.0 = Ad-Hoc|iPhone
		{D26E30E0-0782-48D4-A92F-1ADC9F1DED04}.Ad-Hoc|iPhoneSimulator.ActiveCfg = Ad-Hoc|iPhoneSimulator
		{D26E30E0-0782-48D4-A92F-1ADC9F1DED04}.Ad-Hoc|iPhoneSimulator.Build.0 = Ad-Hoc|iPhoneSimulator
		{D26E30E0-0782-48D4-A92F-1ADC9F1DED04}.Ad-Hoc|iPhoneSimulator.Deploy.0 = Ad-Hoc|iPhoneSimulator
		{D26E30E0-0782-48D4-A92F-1ADC9F1DED04}.AppStore|Any CPU.ActiveCfg = AppStore|iPhone
		{D26E30E0-0782-48D4-A92F-1ADC9F1DED04}.AppStore|Any CPU.Build.0 = AppStore|iPhone
		{D26E30E0-0782-48D4-A92F-1ADC9F1DED04}.AppStore|Any CPU.Deploy.0 = AppStore|iPhone
		{D26E30E0-0782-48D4-A92F-1ADC9F1DED04}.AppStore|iPhone.ActiveCfg = AppStore|iPhone
		{D26E30E0-0782-48D4-A92F-1ADC9F1DED04}.AppStore|iPhone.Build.0 = AppStore|iPhone
		{D26E30E0-0782-48D4-A92F-1ADC9F1DED04}.AppStore|iPhone.Deploy.0 = AppStore|iPhone
		{D26E30E0-0782-48D4-A92F-1ADC9F1DED04}.AppStore|iPhoneSimulator.ActiveCfg = AppStore|iPhoneSimulator
		{D26E30E0-0782-48D4-A92F-1ADC9F1DED04}.AppStore|iPhoneSimulator.Build.0 = AppStore|iPhoneSimulator
		{D26E30E0-0782-48D4-A92F-1ADC9F1DED04}.AppStore|iPhoneSimulator.Deploy.0 = AppStore|iPhoneSimulator
		{D26E30E0-0782-48D4-A92F-1ADC9F1DED04}.Debug|Any CPU.ActiveCfg = Debug|iPhoneSimulator
		{D26E30E0-0782-48D4-A92F-1ADC9F1DED04}.Debug|Any CPU.Build.0 = Debug|iPhoneSimulator
		{D26E30E0-0782-48D4-A92F-1ADC9F1DED04}.Debug|Any CPU.Deploy.0 = Debug|iPhoneSimulator
		{D26E30E0-0782-48D4-A92F-1ADC9F1DED04}.Debug|iPhone.ActiveCfg = Debug|iPhone
		{D26E30E0-0782-48D4-A92F-1ADC9F1DED04}.Debug|iPhone.Build.0 = Debug|iPhone
		{D26E30E0-0782-48D4-A92F-1ADC9F1DED04}.Debug|iPhone.Deploy.0 = Debug|iPhone
		{D26E30E0-0782-48D4-A92F-1ADC9F1DED04}.Debug|iPhoneSimulator.ActiveCfg = Debug|iPhoneSimulator
		{D26E30E0-0782-48D4-A92F-1ADC9F1DED04}.Debug|iPhoneSimulator.Build.0 = Debug|iPhoneSimulator
		{D26E30E0-0782-48D4-A92F-1ADC9F1DED04}.Debug|iPhoneSimulator.Deploy.0 = Debug|iPhoneSimulator
		{D26E30E0-0782-48D4-A92F-1ADC9F1DED04}.Release|Any CPU.ActiveCfg = Release|iPhone
		{D26E30E0-0782-48D4-A92F-1ADC9F1DED04}.Release|Any CPU.Build.0 = Release|iPhone
		{D26E30E0-0782-48D4-A92F-1ADC9F1DED04}.Release|Any CPU.Deploy.0 = Release|iPhone
		{D26E30E0-0782-48D4-A92F-1ADC9F1DED04}.Release|iPhone.ActiveCfg = Release|iPhone
		{D26E30E0-0782-48D4-A92F-1ADC9F1DED04}.Release|iPhone.Build.0 = Release|iPhone
		{D26E30E0-0782-48D4-A92F-1ADC9F1DED04}.Release|iPhone.Deploy.0 = Release|iPhone
		{D26E30E0-0782-48D4-A92F-1ADC9F1DED04}.Release|iPhoneSimulator.ActiveCfg = Release|iPhoneSimulator
		{D26E30E0-0782-48D4-A92F-1ADC9F1DED04}.Release|iPhoneSimulator.Build.0 = Release|iPhoneSimulator
		{D26E30E0-0782-48D4-A92F-1ADC9F1DED04}.Release|iPhoneSimulator.Deploy.0 = Release|iPhoneSimulator
		{6460847B-518C-4FD7-BB39-378AE0B14377}.Ad-Hoc|Any CPU.ActiveCfg = Debug|Any CPU
		{6460847B-518C-4FD7-BB39-378AE0B14377}.Ad-Hoc|Any CPU.Build.0 = Debug|Any CPU
		{6460847B-518C-4FD7-BB39-378AE0B14377}.Ad-Hoc|Any CPU.Deploy.0 = Debug|Any CPU
		{6460847B-518C-4FD7-BB39-378AE0B14377}.Ad-Hoc|iPhone.ActiveCfg = Debug|Any CPU
		{6460847B-518C-4FD7-BB39-378AE0B14377}.Ad-Hoc|iPhone.Build.0 = Debug|Any CPU
		{6460847B-518C-4FD7-BB39-378AE0B14377}.Ad-Hoc|iPhone.Deploy.0 = Debug|Any CPU
		{6460847B-518C-4FD7-BB39-378AE0B14377}.Ad-Hoc|iPhoneSimulator.ActiveCfg = Debug|Any CPU
		{6460847B-518C-4FD7-BB39-378AE0B14377}.Ad-Hoc|iPhoneSimulator.Build.0 = Debug|Any CPU
		{6460847B-518C-4FD7-BB39-378AE0B14377}.Ad-Hoc|iPhoneSimulator.Deploy.0 = Debug|Any CPU
		{6460847B-518C-4FD7-BB39-378AE0B14377}.AppStore|Any CPU.ActiveCfg = Debug|Any CPU
		{6460847B-518C-4FD7-BB39-378AE0B14377}.AppStore|Any CPU.Build.0 = Debug|Any CPU
		{6460847B-518C-4FD7-BB39-378AE0B14377}.AppStore|Any CPU.Deploy.0 = Debug|Any CPU
		{6460847B-518C-4FD7-BB39-378AE0B14377}.AppStore|iPhone.ActiveCfg = Debug|Any CPU
		{6460847B-518C-4FD7-BB39-378AE0B14377}.AppStore|iPhone.Build.0 = Debug|Any CPU
		{6460847B-518C-4FD7-BB39-378AE0B14377}.AppStore|iPhone.Deploy.0 = Debug|Any CPU
		{6460847B-518C-4FD7-BB39-378AE0B14377}.AppStore|iPhoneSimulator.ActiveCfg = Debug|Any CPU
		{6460847B-518C-4FD7-BB39-378AE0B14377}.AppStore|iPhoneSimulator.Build.0 = Debug|Any CPU
		{6460847B-518C-4FD7-BB39-378AE0B14377}.AppStore|iPhoneSimulator.Deploy.0 = Debug|Any CPU
		{6460847B-518C-4FD7-BB39-378AE0B14377}.Debug|Any CPU.ActiveCfg = Debug|Any CPU
		{6460847B-518C-4FD7-BB39-378AE0B14377}.Debug|Any CPU.Build.0 = Debug|Any CPU
		{6460847B-518C-4FD7-BB39-378AE0B14377}.Debug|Any CPU.Deploy.0 = Debug|Any CPU
		{6460847B-518C-4FD7-BB39-378AE0B14377}.Debug|iPhone.ActiveCfg = Debug|Any CPU
		{6460847B-518C-4FD7-BB39-378AE0B14377}.Debug|iPhone.Build.0 = Debug|Any CPU
		{6460847B-518C-4FD7-BB39-378AE0B14377}.Debug|iPhone.Deploy.0 = Debug|Any CPU
		{6460847B-518C-4FD7-BB39-378AE0B14377}.Debug|iPhoneSimulator.ActiveCfg = Debug|Any CPU
		{6460847B-518C-4FD7-BB39-378AE0B14377}.Debug|iPhoneSimulator.Build.0 = Debug|Any CPU
		{6460847B-518C-4FD7-BB39-378AE0B14377}.Debug|iPhoneSimulator.Deploy.0 = Debug|Any CPU
		{6460847B-518C-4FD7-BB39-378AE0B14377}.Release|Any CPU.ActiveCfg = Release|Any CPU
		{6460847B-518C-4FD7-BB39-378AE0B14377}.Release|Any CPU.Build.0 = Release|Any CPU
		{6460847B-518C-4FD7-BB39-378AE0B14377}.Release|Any CPU.Deploy.0 = Release|Any CPU
		{6460847B-518C-4FD7-BB39-378AE0B14377}.Release|iPhone.ActiveCfg = Release|Any CPU
		{6460847B-518C-4FD7-BB39-378AE0B14377}.Release|iPhone.Build.0 = Release|Any CPU
		{6460847B-518C-4FD7-BB39-378AE0B14377}.Release|iPhone.Deploy.0 = Release|Any CPU
		{6460847B-518C-4FD7-BB39-378AE0B14377}.Release|iPhoneSimulator.ActiveCfg = Release|Any CPU
		{6460847B-518C-4FD7-BB39-378AE0B14377}.Release|iPhoneSimulator.Build.0 = Release|Any CPU
		{6460847B-518C-4FD7-BB39-378AE0B14377}.Release|iPhoneSimulator.Deploy.0 = Release|Any CPU
	EndGlobalSection
	GlobalSection(SolutionProperties) = preSolution
		HideSolutionNode = FALSE
	EndGlobalSection
	GlobalSection(ExtensibilityGlobals) = postSolution
		SolutionGuid = {C9AA1A30-5510-44DC-925B-7D9E7362E81A}
	EndGlobalSection
EndGlobal
